
Microsoft Visual Studio Solution File, Format Version 12.00
# Visual Studio 15
VisualStudioVersion = 15.0.27130.2020
MinimumVisualStudioVersion = 10.0.40219.1
Project("{FAE04EC0-301F-11D3-BF4B-00C04F79EFBC}") = "PaymentContext.Domain", "src\PaymentContext.Domain\PaymentContext.Domain.csproj", "{0B65DD8D-A34F-4926-9474-FBF61A22926A}"
EndProject
Project("{FAE04EC0-301F-11D3-BF4B-00C04F79EFBC}") = "PaymentContext.Shared", "src\PaymentContext.Shared\PaymentContext.Shared.csproj", "{A6B18E1E-31F5-406E-80AB-018933266E45}"
EndProject
Project("{FAE04EC0-301F-11D3-BF4B-00C04F79EFBC}") = "PaymentContext.Tests", "tests\PaymentContext.Tests\PaymentContext.Tests.csproj", "{7E60230A-A982-4C07-B002-D259C970A161}"
EndProject
Global
	GlobalSection(SolutionConfigurationPlatforms) = preSolution
		Debug|Any CPU = Debug|Any CPU
		Release|Any CPU = Release|Any CPU
	EndGlobalSection
	GlobalSection(ProjectConfigurationPlatforms) = postSolution
		{0B65DD8D-A34F-4926-9474-FBF61A22926A}.Debug|Any CPU.ActiveCfg = Debug|Any CPU
		{0B65DD8D-A34F-4926-9474-FBF61A22926A}.Debug|Any CPU.Build.0 = Debug|Any CPU
		{0B65DD8D-A34F-4926-9474-FBF61A22926A}.Release|Any CPU.ActiveCfg = Release|Any CPU
		{0B65DD8D-A34F-4926-9474-FBF61A22926A}.Release|Any CPU.Build.0 = Release|Any CPU
		{A6B18E1E-31F5-406E-80AB-018933266E45}.Debug|Any CPU.ActiveCfg = Debug|Any CPU
		{A6B18E1E-31F5-406E-80AB-018933266E45}.Debug|Any CPU.Build.0 = Debug|Any CPU
		{A6B18E1E-31F5-406E-80AB-018933266E45}.Release|Any CPU.ActiveCfg = Release|Any CPU
		{A6B18E1E-31F5-406E-80AB-018933266E45}.Release|Any CPU.Build.0 = Release|Any CPU
		{7E60230A-A982-4C07-B002-D259C970A161}.Debug|Any CPU.ActiveCfg = Debug|Any CPU
		{7E60230A-A982-4C07-B002-D259C970A161}.Debug|Any CPU.Build.0 = Debug|Any CPU
		{7E60230A-A982-4C07-B002-D259C970A161}.Release|Any CPU.ActiveCfg = Release|Any CPU
		{7E60230A-A982-4C07-B002-D259C970A161}.Release|Any CPU.Build.0 = Release|Any CPU
	EndGlobalSection
	GlobalSection(SolutionProperties) = preSolution
		HideSolutionNode = FALSE
	EndGlobalSection
	GlobalSection(ExtensibilityGlobals) = postSolution
		SolutionGuid = {62E54218-03D9-4ACA-B8EF-03CBE4D99A47}
	EndGlobalSection
EndGlobal
